
Microsoft Visual Studio Solution File, Format Version 12.00
# Visual Studio Version 16
VisualStudioVersion = 16.0.29215.179
MinimumVisualStudioVersion = 15.0.26124.0
Project("{9A19103F-16F7-4668-BE54-9A1E7A4F7556}") = "HiringTest", "HiringTest/HiringTest.csproj", "{7A4E7AA7-8C5A-4A3F-BD11-0C24BC642BAA}"
EndProject
Project("{2150E333-8FDC-42A3-9474-1A3956D46DE8}") = "Global", "Global", "{945E9F4D-1F64-4F19-B1AB-79E5012ECE76}"
	ProjectSection(SolutionItems) = preProject
		.editorconfig = .editorconfig
		.gitattributes = .gitattributes
		.gitignore = .gitignore
		README.md = README.md
	EndProjectSection
EndProject
Global
	GlobalSection(SolutionConfigurationPlatforms) = preSolution
		Debug|Any CPU = Debug|Any CPU
		Debug|x64 = Debug|x64
		Debug|x86 = Debug|x86
		Release|Any CPU = Release|Any CPU
		Release|x64 = Release|x64
		Release|x86 = Release|x86
	EndGlobalSection
	GlobalSection(ProjectConfigurationPlatforms) = postSolution
		{7A4E7AA7-8C5A-4A3F-BD11-0C24BC642BAA}.Debug|Any CPU.ActiveCfg = Debug|Any CPU
		{7A4E7AA7-8C5A-4A3F-BD11-0C24BC642BAA}.Debug|Any CPU.Build.0 = Debug|Any CPU
		{7A4E7AA7-8C5A-4A3F-BD11-0C24BC642BAA}.Debug|x64.ActiveCfg = Debug|Any CPU
		{7A4E7AA7-8C5A-4A3F-BD11-0C24BC642BAA}.Debug|x64.Build.0 = Debug|Any CPU
		{7A4E7AA7-8C5A-4A3F-BD11-0C24BC642BAA}.Debug|x86.ActiveCfg = Debug|Any CPU
		{7A4E7AA7-8C5A-4A3F-BD11-0C24BC642BAA}.Debug|x86.Build.0 = Debug|Any CPU
		{7A4E7AA7-8C5A-4A3F-BD11-0C24BC642BAA}.Release|Any CPU.ActiveCfg = Release|Any CPU
		{7A4E7AA7-8C5A-4A3F-BD11-0C24BC642BAA}.Release|Any CPU.Build.0 = Release|Any CPU
		{7A4E7AA7-8C5A-4A3F-BD11-0C24BC642BAA}.Release|x64.ActiveCfg = Release|Any CPU
		{7A4E7AA7-8C5A-4A3F-BD11-0C24BC642BAA}.Release|x64.Build.0 = Release|Any CPU
		{7A4E7AA7-8C5A-4A3F-BD11-0C24BC642BAA}.Release|x86.ActiveCfg = Release|Any CPU
		{7A4E7AA7-8C5A-4A3F-BD11-0C24BC642BAA}.Release|x86.Build.0 = Release|Any CPU
	EndGlobalSection
	GlobalSection(SolutionProperties) = preSolution
		HideSolutionNode = FALSE
	EndGlobalSection
	GlobalSection(ExtensibilityGlobals) = postSolution
		SolutionGuid = {429E0A41-A4EC-4764-9FDC-84B46E9FB5E3}
	EndGlobalSection
EndGlobal
